// !$*UTF8*$!
{
	archiveVersion = 1;
	classes = {
	};
	objectVersion = 46;
	objects = {

/* Begin PBXBuildFile section */
		4A59019F193F40D900FA58D1 /* AppDelegate.swift in Sources */ = {isa = PBXBuildFile; fileRef = 4A59019E193F40D900FA58D1 /* AppDelegate.swift */; };
		4A5901A5193F40D900FA58D1 /* GameViewController.swift in Sources */ = {isa = PBXBuildFile; fileRef = 4A5901A4193F40D900FA58D1 /* GameViewController.swift */; };
		4A5901A8193F40D900FA58D1 /* Main.storyboard in Resources */ = {isa = PBXBuildFile; fileRef = 4A5901A6193F40D900FA58D1 /* Main.storyboard */; };
		4A5901AA193F40D900FA58D1 /* Images.xcassets in Resources */ = {isa = PBXBuildFile; fileRef = 4A5901A9193F40D900FA58D1 /* Images.xcassets */; };
		4AD0D7B719E576DC0059DEFA /* GameScene.sks in Resources */ = {isa = PBXBuildFile; fileRef = 4AD0D7B619E576DC0059DEFA /* GameScene.sks */; };
/* End PBXBuildFile section */

/* Begin PBXFileReference section */
		4A590199193F40D900FA58D1 /* Hexboard.app */ = {isa = PBXFileReference; explicitFileType = wrapper.application; includeInIndex = 0; path = Hexboard.app; sourceTree = BUILT_PRODUCTS_DIR; };
		4A59019D193F40D900FA58D1 /* Info.plist */ = {isa = PBXFileReference; lastKnownFileType = text.plist.xml; path = Info.plist; sourceTree = "<group>"; };
		4A59019E193F40D900FA58D1 /* AppDelegate.swift */ = {isa = PBXFileReference; lastKnownFileType = sourcecode.swift; path = AppDelegate.swift; sourceTree = "<group>"; };
		4A5901A4193F40D900FA58D1 /* GameViewController.swift */ = {isa = PBXFileReference; lastKnownFileType = sourcecode.swift; path = GameViewController.swift; sourceTree = "<group>"; };
		4A5901A7193F40D900FA58D1 /* Base */ = {isa = PBXFileReference; lastKnownFileType = file.storyboard; name = Base; path = Base.lproj/Main.storyboard; sourceTree = "<group>"; };
		4A5901A9193F40D900FA58D1 /* Images.xcassets */ = {isa = PBXFileReference; lastKnownFileType = folder.assetcatalog; path = Images.xcassets; sourceTree = "<group>"; };
		4A5901BF193F41BA00FA58D1 /* GamePlayground.playground */ = {isa = PBXFileReference; lastKnownFileType = file.playground; name = GamePlayground.playground; path = Hexboard/GamePlayground.playground; sourceTree = SOURCE_ROOT; };
		4AD0D7B619E576DC0059DEFA /* GameScene.sks */ = {isa = PBXFileReference; lastKnownFileType = file.sks; name = GameScene.sks; path = GamePlayground.playground/Resources/GameScene.sks; sourceTree = "<group>"; };
/* End PBXFileReference section */

/* Begin PBXFrameworksBuildPhase section */
		4A590196193F40D900FA58D1 /* Frameworks */ = {
			isa = PBXFrameworksBuildPhase;
			buildActionMask = 2147483647;
			files = (
			);
			runOnlyForDeploymentPostprocessing = 0;
		};
/* End PBXFrameworksBuildPhase section */

/* Begin PBXGroup section */
		4A590190193F40D900FA58D1 = {
			isa = PBXGroup;
			children = (
				4A59019B193F40D900FA58D1 /* Hexboard */,
				4A59019A193F40D900FA58D1 /* Products */,
			);
			sourceTree = "<group>";
		};
		4A59019A193F40D900FA58D1 /* Products */ = {
			isa = PBXGroup;
			children = (
				4A590199193F40D900FA58D1 /* Hexboard.app */,
			);
			name = Products;
			sourceTree = "<group>";
		};
		4A59019B193F40D900FA58D1 /* Hexboard */ = {
			isa = PBXGroup;
			children = (
				4AD0D7B519E5737B0059DEFA /* Application */,
				4AD0D7B419E571F30059DEFA /* Playground */,
				4A59019C193F40D900FA58D1 /* Supporting Files */,
			);
			path = Hexboard;
			sourceTree = "<group>";
		};
		4A59019C193F40D900FA58D1 /* Supporting Files */ = {
			isa = PBXGroup;
			children = (
				4A59019D193F40D900FA58D1 /* Info.plist */,
			);
			name = "Supporting Files";
			sourceTree = "<group>";
		};
		4AD0D7B419E571F30059DEFA /* Playground */ = {
			isa = PBXGroup;
			children = (
				4A5901BF193F41BA00FA58D1 /* GamePlayground.playground */,
				4AD0D7B619E576DC0059DEFA /* GameScene.sks */,
			);
			name = Playground;
			sourceTree = "<group>";
		};
		4AD0D7B519E5737B0059DEFA /* Application */ = {
			isa = PBXGroup;
			children = (
				4A59019E193F40D900FA58D1 /* AppDelegate.swift */,
				4A5901A4193F40D900FA58D1 /* GameViewController.swift */,
				4A5901A6193F40D900FA58D1 /* Main.storyboard */,
				4A5901A9193F40D900FA58D1 /* Images.xcassets */,
			);
			name = Application;
			sourceTree = "<group>";
		};
/* End PBXGroup section */

/* Begin PBXNativeTarget section */
		4A590198193F40D900FA58D1 /* Hexboard */ = {
			isa = PBXNativeTarget;
			buildConfigurationList = 4A5901B9193F40D900FA58D1 /* Build configuration list for PBXNativeTarget "Hexboard" */;
			buildPhases = (
				4A590195193F40D900FA58D1 /* Sources */,
				4A590196193F40D900FA58D1 /* Frameworks */,
				4A590197193F40D900FA58D1 /* Resources */,
			);
			buildRules = (
			);
			dependencies = (
			);
			name = Hexboard;
			productName = Ringtail;
			productReference = 4A590199193F40D900FA58D1 /* Hexboard.app */;
			productType = "com.apple.product-type.application";
		};
/* End PBXNativeTarget section */

/* Begin PBXProject section */
		4A590191193F40D900FA58D1 /* Project object */ = {
			isa = PBXProject;
			attributes = {
				LastUpgradeCheck = 0600;
				ORGANIZATIONNAME = "New Lemurs";
				TargetAttributes = {
					4A590198193F40D900FA58D1 = {
						CreatedOnToolsVersion = 6.0;
						DevelopmentTeam = 99RB78BE85;
					};
				};
			};
			buildConfigurationList = 4A590194193F40D900FA58D1 /* Build configuration list for PBXProject "Hexboard" */;
			compatibilityVersion = "Xcode 3.2";
			developmentRegion = English;
			hasScannedForEncodings = 0;
			knownRegions = (
				en,
				Base,
			);
			mainGroup = 4A590190193F40D900FA58D1;
			productRefGroup = 4A59019A193F40D900FA58D1 /* Products */;
			projectDirPath = "";
			projectRoot = "";
			targets = (
				4A590198193F40D900FA58D1 /* Hexboard */,
			);
		};
/* End PBXProject section */

/* Begin PBXResourcesBuildPhase section */
		4A590197193F40D900FA58D1 /* Resources */ = {
			isa = PBXResourcesBuildPhase;
			buildActionMask = 2147483647;
			files = (
				4A5901AA193F40D900FA58D1 /* Images.xcassets in Resources */,
				4AD0D7B719E576DC0059DEFA /* GameScene.sks in Resources */,
				4A5901A8193F40D900FA58D1 /* Main.storyboard in Resources */,
			);
			runOnlyForDeploymentPostprocessing = 0;
		};
/* End PBXResourcesBuildPhase section */

/* Begin PBXSourcesBuildPhase section */
		4A590195193F40D900FA58D1 /* Sources */ = {
			isa = PBXSourcesBuildPhase;
			buildActionMask = 2147483647;
			files = (
				4A5901A5193F40D900FA58D1 /* GameViewController.swift in Sources */,
				4A59019F193F40D900FA58D1 /* AppDelegate.swift in Sources */,
			);
			runOnlyForDeploymentPostprocessing = 0;
		};
/* End PBXSourcesBuildPhase section */

/* Begin PBXVariantGroup section */
		4A5901A6193F40D900FA58D1 /* Main.storyboard */ = {
			isa = PBXVariantGroup;
			children = (
				4A5901A7193F40D900FA58D1 /* Base */,
			);
			name = Main.storyboard;
			sourceTree = "<group>";
		};
/* End PBXVariantGroup section */

/* Begin XCBuildConfiguration section */
		4A5901B7193F40D900FA58D1 /* Debug */ = {
			isa = XCBuildConfiguration;
			buildSettings = {
				ALWAYS_SEARCH_USER_PATHS = NO;
				CLANG_CXX_LANGUAGE_STANDARD = "gnu++0x";
				CLANG_CXX_LIBRARY = "libc++";
				CLANG_ENABLE_MODULES = YES;
				CLANG_ENABLE_OBJC_ARC = YES;
				CLANG_WARN_BOOL_CONVERSION = YES;
				CLANG_WARN_CONSTANT_CONVERSION = YES;
				CLANG_WARN_DIRECT_OBJC_ISA_USAGE = YES_ERROR;
				CLANG_WARN_EMPTY_BODY = YES;
				CLANG_WARN_ENUM_CONVERSION = YES;
				CLANG_WARN_INT_CONVERSION = YES;
				CLANG_WARN_OBJC_ROOT_CLASS = YES_ERROR;
				CLANG_WARN_UNREACHABLE_CODE = YES;
				CLANG_WARN__DUPLICATE_METHOD_MATCH = YES;
				"CODE_SIGN_IDENTITY[sdk=iphoneos*]" = "iPhone Developer";
				COPY_PHASE_STRIP = NO;
				ENABLE_STRICT_OBJC_MSGSEND = YES;
				GCC_C_LANGUAGE_STANDARD = gnu99;
				GCC_DYNAMIC_NO_PIC = NO;
				GCC_OPTIMIZATION_LEVEL = 0;
				GCC_PREPROCESSOR_DEFINITIONS = (
					"DEBUG=1",
					"$(inherited)",
				);
				GCC_SYMBOLS_PRIVATE_EXTERN = NO;
				GCC_WARN_64_TO_32_BIT_CONVERSION = YES;
				GCC_WARN_ABOUT_RETURN_TYPE = YES_ERROR;
				GCC_WARN_UNDECLARED_SELECTOR = YES;
				GCC_WARN_UNINITIALIZED_AUTOS = YES_AGGRESSIVE;
				GCC_WARN_UNUSED_FUNCTION = YES;
				GCC_WARN_UNUSED_VARIABLE = YES;
				IPHONEOS_DEPLOYMENT_TARGET = 8.0;
				METAL_ENABLE_DEBUG_INFO = YES;
				ONLY_ACTIVE_ARCH = YES;
				SDKROOT = iphoneos;
				SWIFT_OPTIMIZATION_LEVEL = "-Onone";
				TARGETED_DEVICE_FAMILY = "1,2";
			};
			name = Debug;
		};
		4A5901B8193F40D900FA58D1 /* Release */ = {
			isa = XCBuildConfiguration;
			buildSettings = {
				ALWAYS_SEARCH_USER_PATHS = NO;
				CLANG_CXX_LANGUAGE_STANDARD = "gnu++0x";
				CLANG_CXX_LIBRARY = "libc++";
				CLANG_ENABLE_MODULES = YES;
				CLANG_ENABLE_OBJC_ARC = YES;
				CLANG_WARN_BOOL_CONVERSION = YES;
				CLANG_WARN_CONSTANT_CONVERSION = YES;
				CLANG_WARN_DIRECT_OBJC_ISA_USAGE = YES_ERROR;
				CLANG_WARN_EMPTY_BODY = YES;
				CLANG_WARN_ENUM_CONVERSION = YES;
				CLANG_WARN_INT_CONVERSION = YES;
				CLANG_WARN_OBJC_ROOT_CLASS = YES_ERROR;
				CLANG_WARN_UNREACHABLE_CODE = YES;
				CLANG_WARN__DUPLICATE_METHOD_MATCH = YES;
				"CODE_SIGN_IDENTITY[sdk=iphoneos*]" = "iPhone Developer";
				COPY_PHASE_STRIP = YES;
				ENABLE_NS_ASSERTIONS = NO;
				ENABLE_STRICT_OBJC_MSGSEND = YES;
				GCC_C_LANGUAGE_STANDARD = gnu99;
				GCC_WARN_64_TO_32_BIT_CONVERSION = YES;
				GCC_WARN_ABOUT_RETURN_TYPE = YES_ERROR;
				GCC_WARN_UNDECLARED_SELECTOR = YES;
				GCC_WARN_UNINITIALIZED_AUTOS = YES_AGGRESSIVE;
				GCC_WARN_UNUSED_FUNCTION = YES;
				GCC_WARN_UNUSED_VARIABLE = YES;
				IPHONEOS_DEPLOYMENT_TARGET = 8.0;
				METAL_ENABLE_DEBUG_INFO = NO;
				SDKROOT = iphoneos;
				TARGETED_DEVICE_FAMILY = "1,2";
				VALIDATE_PRODUCT = YES;
			};
			name = Release;
		};
		4A5901BA193F40D900FA58D1 /* Debug */ = {
			isa = XCBuildConfiguration;
			buildSettings = {
				ASSETCATALOG_COMPILER_APPICON_NAME = AppIcon;
				ASSETCATALOG_COMPILER_LAUNCHIMAGE_NAME = LaunchImage;
				CODE_SIGN_IDENTITY = "iPhone Developer";
				"CODE_SIGN_IDENTITY[sdk=iphoneos*]" = "iPhone Developer";
				FRAMEWORK_SEARCH_PATHS = (
					"$(inherited)",
					"$(DEVELOPER_FRAMEWORKS_DIR)",
				);
				INFOPLIST_FILE = Ringtail/Info.plist;
				IPHONEOS_DEPLOYMENT_TARGET = 8.0;
				LD_RUNPATH_SEARCH_PATHS = "$(inherited) @executable_path/Frameworks";
				PRODUCT_NAME = Hexboard;
				PROVISIONING_PROFILE = "";
			};
			name = Debug;
		};
		4A5901BB193F40D900FA58D1 /* Release */ = {
			isa = XCBuildConfiguration;
			buildSettings = {
				ASSETCATALOG_COMPILER_APPICON_NAME = AppIcon;
				ASSETCATALOG_COMPILER_LAUNCHIMAGE_NAME = LaunchImage;
				CODE_SIGN_IDENTITY = "iPhone Developer";
				"CODE_SIGN_IDENTITY[sdk=iphoneos*]" = "iPhone Developer";
				FRAMEWORK_SEARCH_PATHS = (
					"$(inherited)",
					"$(DEVELOPER_FRAMEWORKS_DIR)",
				);
				INFOPLIST_FILE = Ringtail/Info.plist;
				IPHONEOS_DEPLOYMENT_TARGET = 8.0;
				LD_RUNPATH_SEARCH_PATHS = "$(inherited) @executable_path/Frameworks";
				PRODUCT_NAME = Hexboard;
				PROVISIONING_PROFILE = "";
			};
			name = Release;
		};
/* End XCBuildConfiguration section */

/* Begin XCConfigurationList section */
		4A590194193F40D900FA58D1 /* Build configuration list for PBXProject "Hexboard" */ = {
			isa = XCConfigurationList;
			buildConfigurations = (
				4A5901B7193F40D900FA58D1 /* Debug */,
				4A5901B8193F40D900FA58D1 /* Release */,
			);
			defaultConfigurationIsVisible = 0;
			defaultConfigurationName = Release;
		};
		4A5901B9193F40D900FA58D1 /* Build configuration list for PBXNativeTarget "Hexboard" */ = {
			isa = XCConfigurationList;
			buildConfigurations = (
				4A5901BA193F40D900FA58D1 /* Debug */,
				4A5901BB193F40D900FA58D1 /* Release */,
			);
			defaultConfigurationIsVisible = 0;
			defaultConfigurationName = Release;
		};
/* End XCConfigurationList section */
	};
	rootObject = 4A590191193F40D900FA58D1 /* Project object */;
}
